
Microsoft Visual Studio Solution File, Format Version 12.00
# Visual Studio 15
VisualStudioVersion = 15.0.26114.2
MinimumVisualStudioVersion = 10.0.40219.1
Project("{FAE04EC0-301F-11D3-BF4B-00C04F79EFBC}") = "CoreIntegrationTests", "CoreIntegrationTests\CoreIntegrationTests.csproj", "{8A38DF66-3BAD-47B3-B4C5-4313942D51C9}"
EndProject
Project("{FAE04EC0-301F-11D3-BF4B-00C04F79EFBC}") = "CoreTests", "CoreTests\CoreTests.csproj", "{EDABC635-D882-4D11-9AAE-7867125E2979}"
EndProject
Project("{FAE04EC0-301F-11D3-BF4B-00C04F79EFBC}") = "Microsoft.AspNetCore.Identity.MongoDB", "Microsoft.AspNetCore.Identity.MongoDB\Microsoft.AspNetCore.Identity.MongoDB.csproj", "{7FCE71D2-7565-4240-AB2C-96D929B101CC}"
EndProject
Global
	GlobalSection(SolutionConfigurationPlatforms) = preSolution
		Debug|Any CPU = Debug|Any CPU
		Release|Any CPU = Release|Any CPU
		Debug|x64 = Debug|x64
		Debug|x86 = Debug|x86
		Release|x64 = Release|x64
		Release|x86 = Release|x86
	EndGlobalSection
	GlobalSection(ProjectConfigurationPlatforms) = postSolution
		{8A38DF66-3BAD-47B3-B4C5-4313942D51C9}.Debug|Any CPU.ActiveCfg = Debug|Any CPU
		{8A38DF66-3BAD-47B3-B4C5-4313942D51C9}.Debug|Any CPU.Build.0 = Debug|Any CPU
		{8A38DF66-3BAD-47B3-B4C5-4313942D51C9}.Debug|x64.ActiveCfg = Debug|x64
		{8A38DF66-3BAD-47B3-B4C5-4313942D51C9}.Debug|x64.Build.0 = Debug|x64
		{8A38DF66-3BAD-47B3-B4C5-4313942D51C9}.Debug|x86.ActiveCfg = Debug|x86
		{8A38DF66-3BAD-47B3-B4C5-4313942D51C9}.Debug|x86.Build.0 = Debug|x86
		{8A38DF66-3BAD-47B3-B4C5-4313942D51C9}.Release|Any CPU.ActiveCfg = Release|Any CPU
		{8A38DF66-3BAD-47B3-B4C5-4313942D51C9}.Release|Any CPU.Build.0 = Release|Any CPU
		{8A38DF66-3BAD-47B3-B4C5-4313942D51C9}.Release|x64.ActiveCfg = Release|x64
		{8A38DF66-3BAD-47B3-B4C5-4313942D51C9}.Release|x64.Build.0 = Release|x64
		{8A38DF66-3BAD-47B3-B4C5-4313942D51C9}.Release|x86.ActiveCfg = Release|x86
		{8A38DF66-3BAD-47B3-B4C5-4313942D51C9}.Release|x86.Build.0 = Release|x86
		{EDABC635-D882-4D11-9AAE-7867125E2979}.Debug|Any CPU.ActiveCfg = Debug|Any CPU
		{EDABC635-D882-4D11-9AAE-7867125E2979}.Debug|Any CPU.Build.0 = Debug|Any CPU
		{EDABC635-D882-4D11-9AAE-7867125E2979}.Debug|x64.ActiveCfg = Debug|x64
		{EDABC635-D882-4D11-9AAE-7867125E2979}.Debug|x64.Build.0 = Debug|x64
		{EDABC635-D882-4D11-9AAE-7867125E2979}.Debug|x86.ActiveCfg = Debug|x86
		{EDABC635-D882-4D11-9AAE-7867125E2979}.Debug|x86.Build.0 = Debug|x86
		{EDABC635-D882-4D11-9AAE-7867125E2979}.Release|Any CPU.ActiveCfg = Release|Any CPU
		{EDABC635-D882-4D11-9AAE-7867125E2979}.Release|Any CPU.Build.0 = Release|Any CPU
		{EDABC635-D882-4D11-9AAE-7867125E2979}.Release|x64.ActiveCfg = Release|x64
		{EDABC635-D882-4D11-9AAE-7867125E2979}.Release|x64.Build.0 = Release|x64
		{EDABC635-D882-4D11-9AAE-7867125E2979}.Release|x86.ActiveCfg = Release|x86
		{EDABC635-D882-4D11-9AAE-7867125E2979}.Release|x86.Build.0 = Release|x86
		{7FCE71D2-7565-4240-AB2C-96D929B101CC}.Debug|Any CPU.ActiveCfg = Debug|Any CPU
		{7FCE71D2-7565-4240-AB2C-96D929B101CC}.Debug|Any CPU.Build.0 = Debug|Any CPU
		{7FCE71D2-7565-4240-AB2C-96D929B101CC}.Debug|x64.ActiveCfg = Debug|x64
		{7FCE71D2-7565-4240-AB2C-96D929B101CC}.Debug|x64.Build.0 = Debug|x64
		{7FCE71D2-7565-4240-AB2C-96D929B101CC}.Debug|x86.ActiveCfg = Debug|x86
		{7FCE71D2-7565-4240-AB2C-96D929B101CC}.Debug|x86.Build.0 = Debug|x86
		{7FCE71D2-7565-4240-AB2C-96D929B101CC}.Release|Any CPU.ActiveCfg = Release|Any CPU
		{7FCE71D2-7565-4240-AB2C-96D929B101CC}.Release|Any CPU.Build.0 = Release|Any CPU
		{7FCE71D2-7565-4240-AB2C-96D929B101CC}.Release|x64.ActiveCfg = Release|x64
		{7FCE71D2-7565-4240-AB2C-96D929B101CC}.Release|x64.Build.0 = Release|x64
		{7FCE71D2-7565-4240-AB2C-96D929B101CC}.Release|x86.ActiveCfg = Release|x86
		{7FCE71D2-7565-4240-AB2C-96D929B101CC}.Release|x86.Build.0 = Release|x86
	EndGlobalSection
	GlobalSection(SolutionProperties) = preSolution
		HideSolutionNode = FALSE
	EndGlobalSection
EndGlobal
